
Microsoft Visual Studio Solution File, Format Version 12.00
# Visual Studio Version 16
VisualStudioVersion = 16.0.31729.503
MinimumVisualStudioVersion = 10.0.40219.1
Project("{FAE04EC0-301F-11D3-BF4B-00C04F79EFBC}") = "AnkhMorporkWebApp", "AnkhMorporkWebApp\AnkhMorporkWebApp.csproj", "{038256B9-2848-4163-BDF0-274BA4DCC24B}"
EndProject
Global
	GlobalSection(SolutionConfigurationPlatforms) = preSolution
		Debug|Any CPU = Debug|Any CPU
		Release|Any CPU = Release|Any CPU
	EndGlobalSection
	GlobalSection(ProjectConfigurationPlatforms) = postSolution
		{038256B9-2848-4163-BDF0-274BA4DCC24B}.Debug|Any CPU.ActiveCfg = Debug|Any CPU
		{038256B9-2848-4163-BDF0-274BA4DCC24B}.Debug|Any CPU.Build.0 = Debug|Any CPU
		{038256B9-2848-4163-BDF0-274BA4DCC24B}.Release|Any CPU.ActiveCfg = Release|Any CPU
		{038256B9-2848-4163-BDF0-274BA4DCC24B}.Release|Any CPU.Build.0 = Release|Any CPU
	EndGlobalSection
	GlobalSection(SolutionProperties) = preSolution
		HideSolutionNode = FALSE
	EndGlobalSection
	GlobalSection(ExtensibilityGlobals) = postSolution
		SolutionGuid = {738017C1-9868-4B8C-96FF-F06CC08D644B}
	EndGlobalSection
EndGlobal
